{
  "lockfile_version": "1",
  "packages": {
    "github:NixOS/nixpkgs/nixpkgs-unstable": {
      "last_modified": "2026-01-27T15:18:14Z",
      "resolved": "github:NixOS/nixpkgs/afce96367b2e37fc29afb5543573cd49db3357b7?lastModified=1769527094&narHash=sha256-xV20Alb7ZGN7qujnsi5lG1NckSUmpIb05H2Xar73TDc%3D"
    },
    "go@1.26.0": {
      "last_modified": "2026-02-11T12:16:34Z",
      "resolved": "github:NixOS/nixpkgs/8482c7ded03bae7550f3d69884f1e611e3bd19e8#go_1_26",
      "source": "devbox-search",
      "version": "1.26.0",
      "systems": {
        "aarch64-darwin": {
          "outputs": [
            {
              "name": "out",
              "path": "/nix/store/sz1ry9vf187bzdvsalla73ycxwfjv3pq-go-1.26.0",
              "default": true
            }
          ],
          "store_path": "/nix/store/sz1ry9vf187bzdvsalla73ycxwfjv3pq-go-1.26.0"
        },
        "aarch64-linux": {
          "outputs": [
            {
              "name": "out",
              "path": "/nix/store/1wl6q7df9z3p8gambi2ndp5s5igr4h61-go-1.26.0",
              "default": true
            }
          ],
          "store_path": "/nix/store/1wl6q7df9z3p8gambi2ndp5s5igr4h61-go-1.26.0"
        },
        "x86_64-darwin": {
          "outputs": [
            {
              "name": "out",
              "path": "/nix/store/r5bwcb31acswg4nirdblmz1zzkci6bj3-go-1.26.0",
              "default": true
            }
          ],
          "store_path": "/nix/store/r5bwcb31acswg4nirdblmz1zzkci6bj3-go-1.26.0"
        },
        "x86_64-linux": {
          "outputs": [
            {
              "name": "out",
              "path": "/nix/store/kgwkx0l54snkkgzbmg8cw89i1g8v1dqw-go-1.26.0",
              "default": true
            }
          ],
          "store_path": "/nix/store/kgwkx0l54snkkgzbmg8cw89i1g8v1dqw-go-1.26.0"
        }
      }
    },
    "gofumpt@0.9.2": {
      "last_modified": "2026-01-23T17:20:52Z",
      "resolved": "github:NixOS/nixpkgs/a1bab9e494f5f4939442a57a58d0449a109593fe#gofumpt",
      "source": "devbox-search",
      "version": "0.9.2",
      "systems": {
        "aarch64-darwin": {
          "outputs": [
            {
              "name": "out",
              "path": "/nix/store/gqjdl6mk5g28n3zfz1k3k0lrnwj4xjqq-gofumpt-0.9.2",
              "default": true
            }
          ],
          "store_path": "/nix/store/gqjdl6mk5g28n3zfz1k3k0lrnwj4xjqq-gofumpt-0.9.2"
        },
        "aarch64-linux": {
          "outputs": [
            {
              "name": "out",
              "path": "/nix/store/74n1yp6myirvh9x7v1rp1np5pky21b8q-gofumpt-0.9.2",
              "default": true
            }
          ],
          "store_path": "/nix/store/74n1yp6myirvh9x7v1rp1np5pky21b8q-gofumpt-0.9.2"
        },
        "x86_64-darwin": {
          "outputs": [
            {
              "name": "out",
              "path": "/nix/store/mdip6614crazh6zfx66ad9cmw46dd3pc-gofumpt-0.9.2",
              "default": true
            }
          ],
          "store_path": "/nix/store/mdip6614crazh6zfx66ad9cmw46dd3pc-gofumpt-0.9.2"
        },
        "x86_64-linux": {
          "outputs": [
            {
              "name": "out",
              "path": "/nix/store/9zmph2pf0s3qmzqzwfki5x47fh7rip8g-gofumpt-0.9.2",
              "default": true
            }
          ],
          "store_path": "/nix/store/9zmph2pf0s3qmzqzwfki5x47fh7rip8g-gofumpt-0.9.2"
        }
      }
    },
    "goimports@2021-01-13": {
      "last_modified": "2022-02-15T04:21:50Z",
      "resolved": "github:NixOS/nixpkgs/3a641defd170a4ef25ce8c7c64cb13f91f867fca#goimports",
      "source": "devbox-search",
      "version": "2021-01-13"
    },
    "golangci-lint@2.9.0": {
      "last_modified": "2026-02-11T21:01:36Z",
      "resolved": "github:NixOS/nixpkgs/2343bbb58f99267223bc2aac4fc9ea301a155a16#golangci-lint",
      "source": "devbox-search",
      "version": "2.9.0",
      "systems": {
        "aarch64-darwin": {
          "outputs": [
            {
              "name": "out",
              "path": "/nix/store/d58cy4knp90177kgyjw76qlgxwrmz39r-golangci-lint-2.9.0",
              "default": true
            }
          ],
          "store_path": "/nix/store/d58cy4knp90177kgyjw76qlgxwrmz39r-golangci-lint-2.9.0"
        },
        "aarch64-linux": {
          "outputs": [
            {
              "name": "out",
              "path": "/nix/store/0pmkfq41ay1hdz64lkvfqxyfd41ir1k6-golangci-lint-2.9.0",
              "default": true
            }
          ],
          "store_path": "/nix/store/0pmkfq41ay1hdz64lkvfqxyfd41ir1k6-golangci-lint-2.9.0"
        },
        "x86_64-darwin": {
          "outputs": [
            {
              "name": "out",
              "path": "/nix/store/c2aa1drrmj4ahhcg87nm2arlh9gv4s5y-golangci-lint-2.9.0",
              "default": true
            }
          ],
          "store_path": "/nix/store/c2aa1drrmj4ahhcg87nm2arlh9gv4s5y-golangci-lint-2.9.0"
        },
        "x86_64-linux": {
          "outputs": [
            {
              "name": "out",
              "path": "/nix/store/z4hziw97m0z1zlrn27pyk53s13czn1gi-golangci-lint-2.9.0",
              "default": true
            }
          ],
          "store_path": "/nix/store/z4hziw97m0z1zlrn27pyk53s13czn1gi-golangci-lint-2.9.0"
        }
      }
    },
    "just@latest": {
      "last_modified": "2026-01-23T17:20:52Z",
      "resolved": "github:NixOS/nixpkgs/a1bab9e494f5f4939442a57a58d0449a109593fe#just",
      "source": "devbox-search",
      "version": "1.46.0",
      "systems": {
        "aarch64-darwin": {
          "outputs": [
            {
              "name": "out",
              "path": "/nix/store/kms72z6m9ny9xc8jran5xapikqsbhm5q-just-1.46.0",
              "default": true
            },
            {
              "name": "man",
              "path": "/nix/store/faqgfslw33szczc60xvbsddag1vpm6qg-just-1.46.0-man",
              "default": true
            },
            {
              "name": "doc",
              "path": "/nix/store/db99chhg7z1p8x4kqsnf4hna33yab8jd-just-1.46.0-doc"
            }
          ],
          "store_path": "/nix/store/kms72z6m9ny9xc8jran5xapikqsbhm5q-just-1.46.0"
        },
        "aarch64-linux": {
          "outputs": [
            {
              "name": "out",
              "path": "/nix/store/84hs79g4rgwpd8vpvrsnibmfh2qk08fq-just-1.46.0",
              "default": true
            },
            {
              "name": "man",
              "path": "/nix/store/jcrjba1fjd86vdbh8iwj37cbw0ngn26v-just-1.46.0-man",
              "default": true
            },
            {
              "name": "doc",
              "path": "/nix/store/x29kkagia2b2hw20qj0m5r256cvi3fk7-just-1.46.0-doc"
            }
          ],
          "store_path": "/nix/store/84hs79g4rgwpd8vpvrsnibmfh2qk08fq-just-1.46.0"
        },
        "x86_64-darwin": {
          "outputs": [
            {
              "name": "out",
              "path": "/nix/store/dj01bb0rk1czx6wdymfswh4as56xsbkw-just-1.46.0",
              "default": true
            },
            {
              "name": "man",
              "path": "/nix/store/svaa8vdlzdgbm5plfk3bvyawnvkj7x36-just-1.46.0-man",
              "default": true
            },
            {
              "name": "doc",
              "path": "/nix/store/40bl31lv2wy1p7yfafzzh1wip3pc0iga-just-1.46.0-doc"
            }
          ],
          "store_path": "/nix/store/dj01bb0rk1czx6wdymfswh4as56xsbkw-just-1.46.0"
        },
        "x86_64-linux": {
          "outputs": [
            {
              "name": "out",
              "path": "/nix/store/n4g7fjn0b4m0rfjaqw2y4czvz6za1iwr-just-1.46.0",
              "default": true
            },
            {
              "name": "man",
              "path": "/nix/store/7cjc376r94pkwnlcvaqrna8k8q2spvkc-just-1.46.0-man",
              "default": true
            },
            {
              "name": "doc",
              "path": "/nix/store/db447q0xh3xdhaz8b8mc6k02sl2ckgdc-just-1.46.0-doc"
            }
          ],
          "store_path": "/nix/store/n4g7fjn0b4m0rfjaqw2y4czvz6za1iwr-just-1.46.0"
        }
      }
    },
    "nodejs@24.12.0": {
      "last_modified": "2025-12-27T12:56:01Z",
      "plugin_version": "0.0.2",
      "resolved": "github:NixOS/nixpkgs/3edc4a30ed3903fdf6f90c837f961fa6b49582d1#nodejs_24",
      "source": "devbox-search",
      "version": "24.12.0",
      "systems": {
        "aarch64-darwin": {
          "outputs": [
            {
              "name": "out",
              "path": "/nix/store/b1h0af3yb3z9jz048phclcqw6ihiww67-nodejs-24.12.0",
              "default": true
            },
            {
              "name": "dev",
              "path": "/nix/store/ksn4nj0nbp0ikmh4scy9x4biqqdswwhy-nodejs-24.12.0-dev"
            },
            {
              "name": "libv8",
              "path": "/nix/store/3x72bm7l30ib7l7cximrp0sklcq8jqwy-nodejs-24.12.0-libv8"
            }
          ],
          "store_path": "/nix/store/b1h0af3yb3z9jz048phclcqw6ihiww67-nodejs-24.12.0"
        },
        "aarch64-linux": {
          "outputs": [
            {
              "name": "out",
              "path": "/nix/store/9jfsyhcr9c6rpm94lrkibv75jkggvwss-nodejs-24.12.0",
              "default": true
            },
            {
              "name": "dev",
              "path": "/nix/store/7izhv9x1yvsmyrhmmyps6bxjjclajm80-nodejs-24.12.0-dev"
            },
            {
              "name": "libv8",
              "path": "/nix/store/8hl74pnc1qyz68rg10ixw7fz32hcxqkk-nodejs-24.12.0-libv8"
            }
          ],
          "store_path": "/nix/store/9jfsyhcr9c6rpm94lrkibv75jkggvwss-nodejs-24.12.0"
        },
        "x86_64-darwin": {
          "outputs": [
            {
              "name": "out",
              "path": "/nix/store/cj1243xswxvnwgifyiyg8axhn0r2vl48-nodejs-24.12.0",
              "default": true
            },
            {
              "name": "dev",
              "path": "/nix/store/kzia3rkaf9vwpn3py23q9v49jpjm6zx7-nodejs-24.12.0-dev"
            },
            {
              "name": "libv8",
              "path": "/nix/store/xszji81xj7ghjhz7jk0jkhb84nfwyd8f-nodejs-24.12.0-libv8"
            }
          ],
          "store_path": "/nix/store/cj1243xswxvnwgifyiyg8axhn0r2vl48-nodejs-24.12.0"
        },
        "x86_64-linux": {
          "outputs": [
            {
              "name": "out",
              "path": "/nix/store/9z1v3wyrxp6fpyzw21lcakd5w7aknzyc-nodejs-24.12.0",
              "default": true
            },
            {
              "name": "libv8",
              "path": "/nix/store/5yvx909wlis13qd2y1ahwl7ij21ma69a-nodejs-24.12.0-libv8"
            },
            {
              "name": "dev",
              "path": "/nix/store/7ll99p08gmpg0n048669p80zjibl5akr-nodejs-24.12.0-dev"
            }
          ],
          "store_path": "/nix/store/9z1v3wyrxp6fpyzw21lcakd5w7aknzyc-nodejs-24.12.0"
        }
      }
    },
    "pnpm@10.28.0": {
      "last_modified": "2026-01-23T17:20:52Z",
      "resolved": "github:NixOS/nixpkgs/a1bab9e494f5f4939442a57a58d0449a109593fe#pnpm",
      "source": "devbox-search",
      "version": "10.28.0",
      "systems": {
        "aarch64-darwin": {
          "outputs": [
            {
              "name": "out",
              "path": "/nix/store/a0i7dm3y1pdkpjc2p0lj2868iqw1cph2-pnpm-10.28.0",
              "default": true
            }
          ],
          "store_path": "/nix/store/a0i7dm3y1pdkpjc2p0lj2868iqw1cph2-pnpm-10.28.0"
        },
        "aarch64-linux": {
          "outputs": [
            {
              "name": "out",
              "path": "/nix/store/xgw9y80p9y0m5dq0qrnwwxi7fs69gm54-pnpm-10.28.0",
              "default": true
            }
          ],
          "store_path": "/nix/store/xgw9y80p9y0m5dq0qrnwwxi7fs69gm54-pnpm-10.28.0"
        },
        "x86_64-darwin": {
          "outputs": [
            {
              "name": "out",
              "path": "/nix/store/dj5b9z76cs1055rp0m8r53n5md1ismab-pnpm-10.28.0",
              "default": true
            }
          ],
          "store_path": "/nix/store/dj5b9z76cs1055rp0m8r53n5md1ismab-pnpm-10.28.0"
        },
        "x86_64-linux": {
          "outputs": [
            {
              "name": "out",
              "path": "/nix/store/q182xhmnqzff17cdg90hcp44ljgvqqr7-pnpm-10.28.0",
              "default": true
            }
          ],
          "store_path": "/nix/store/q182xhmnqzff17cdg90hcp44ljgvqqr7-pnpm-10.28.0"
        }
      }
    },
    "trivy@0.69.0": {
      "last_modified": "2026-02-10T02:06:53Z",
      "resolved": "github:NixOS/nixpkgs/49d75834011c94a120a9cb874ac1c4d8b7bfc767#trivy",
      "source": "devbox-search",
      "version": "0.69.0",
      "systems": {
        "aarch64-darwin": {
          "outputs": [
            {
              "name": "out",
              "path": "/nix/store/8hrj523x89m8q2cbyq4h0hbpxgz8g7ci-trivy-0.69.0",
              "default": true
            }
          ],
          "store_path": "/nix/store/8hrj523x89m8q2cbyq4h0hbpxgz8g7ci-trivy-0.69.0"
        },
        "aarch64-linux": {
          "outputs": [
            {
              "name": "out",
              "path": "/nix/store/y64c2329d05qbwmddx2vaww96mw1akx0-trivy-0.69.0",
              "default": true
            }
          ],
          "store_path": "/nix/store/y64c2329d05qbwmddx2vaww96mw1akx0-trivy-0.69.0"
        },
        "x86_64-darwin": {
          "outputs": [
            {
              "name": "out",
              "path": "/nix/store/jdh4cc5lzbvz8yvk5l765bh5vxg6pxr1-trivy-0.69.0",
              "default": true
            }
          ],
          "store_path": "/nix/store/jdh4cc5lzbvz8yvk5l765bh5vxg6pxr1-trivy-0.69.0"
        },
        "x86_64-linux": {
          "outputs": [
            {
              "name": "out",
              "path": "/nix/store/z2376i7al0d81dmkbhlfcl7dvbbnbs1i-trivy-0.69.0",
              "default": true
            }
          ],
          "store_path": "/nix/store/z2376i7al0d81dmkbhlfcl7dvbbnbs1i-trivy-0.69.0"
        }
      }
    }
  }
}
